
Microsoft Visual Studio Solution File, Format Version 12.00
# Visual Studio Version 17
VisualStudioVersion = 17.13.35931.197 d17.13
MinimumVisualStudioVersion = 10.0.40219.1
Project("{FAE04EC0-301F-11D3-BF4B-00C04F79EFBC}") = "Bai5_Winform", "Bai5_Winform.csproj", "{F8623D58-01FB-4898-9F48-FC042578C6AF}"
EndProject
Global
	GlobalSection(SolutionConfigurationPlatforms) = preSolution
		Debug|Any CPU = Debug|Any CPU
		Release|Any CPU = Release|Any CPU
	EndGlobalSection
	GlobalSection(ProjectConfigurationPlatforms) = postSolution
		{F8623D58-01FB-4898-9F48-FC042578C6AF}.Debug|Any CPU.ActiveCfg = Debug|Any CPU
		{F8623D58-01FB-4898-9F48-FC042578C6AF}.Debug|Any CPU.Build.0 = Debug|Any CPU
		{F8623D58-01FB-4898-9F48-FC042578C6AF}.Release|Any CPU.ActiveCfg = Release|Any CPU
		{F8623D58-01FB-4898-9F48-FC042578C6AF}.Release|Any CPU.Build.0 = Release|Any CPU
	EndGlobalSection
	GlobalSection(SolutionProperties) = preSolution
		HideSolutionNode = FALSE
	EndGlobalSection
	GlobalSection(ExtensibilityGlobals) = postSolution
		SolutionGuid = {79043029-B8EE-41D8-8064-52137456F198}
	EndGlobalSection
EndGlobal
