
Microsoft Visual Studio Solution File, Format Version 12.00
# Visual Studio Version 17
VisualStudioVersion = 17.13.35931.197 d17.13
MinimumVisualStudioVersion = 10.0.40219.1
Project("{FAE04EC0-301F-11D3-BF4B-00C04F79EFBC}") = "Bai10_Winform", "Bai10_Winform.csproj", "{87A00E3B-E87B-4ECF-A28E-4008E7534CE7}"
EndProject
Project("{FAE04EC0-301F-11D3-BF4B-00C04F79EFBC}") = "Bai10_Winform_VanDung", "..\Bai10_Winform_VanDung\Bai10_Winform_VanDung.csproj", "{1CAD6488-4630-4888-A48A-A5E4997F63AE}"
EndProject
Global
	GlobalSection(SolutionConfigurationPlatforms) = preSolution
		Debug|Any CPU = Debug|Any CPU
		Release|Any CPU = Release|Any CPU
	EndGlobalSection
	GlobalSection(ProjectConfigurationPlatforms) = postSolution
		{87A00E3B-E87B-4ECF-A28E-4008E7534CE7}.Debug|Any CPU.ActiveCfg = Debug|Any CPU
		{87A00E3B-E87B-4ECF-A28E-4008E7534CE7}.Debug|Any CPU.Build.0 = Debug|Any CPU
		{87A00E3B-E87B-4ECF-A28E-4008E7534CE7}.Release|Any CPU.ActiveCfg = Release|Any CPU
		{87A00E3B-E87B-4ECF-A28E-4008E7534CE7}.Release|Any CPU.Build.0 = Release|Any CPU
		{1CAD6488-4630-4888-A48A-A5E4997F63AE}.Debug|Any CPU.ActiveCfg = Debug|Any CPU
		{1CAD6488-4630-4888-A48A-A5E4997F63AE}.Debug|Any CPU.Build.0 = Debug|Any CPU
		{1CAD6488-4630-4888-A48A-A5E4997F63AE}.Release|Any CPU.ActiveCfg = Release|Any CPU
		{1CAD6488-4630-4888-A48A-A5E4997F63AE}.Release|Any CPU.Build.0 = Release|Any CPU
	EndGlobalSection
	GlobalSection(SolutionProperties) = preSolution
		HideSolutionNode = FALSE
	EndGlobalSection
	GlobalSection(ExtensibilityGlobals) = postSolution
		SolutionGuid = {6BC9B64F-4958-43BC-A9EB-F7B1402E1EA9}
	EndGlobalSection
EndGlobal
