
Microsoft Visual Studio Solution File, Format Version 12.00
# Visual Studio Version 17
VisualStudioVersion = 17.13.35931.197 d17.13
MinimumVisualStudioVersion = 10.0.40219.1
Project("{FAE04EC0-301F-11D3-BF4B-00C04F79EFBC}") = "Bai11_Winform", "Bai11_Winform.csproj", "{F3A09187-F480-406B-80EE-969B6BC9B2EB}"
EndProject
Global
	GlobalSection(SolutionConfigurationPlatforms) = preSolution
		Debug|Any CPU = Debug|Any CPU
		Release|Any CPU = Release|Any CPU
	EndGlobalSection
	GlobalSection(ProjectConfigurationPlatforms) = postSolution
		{F3A09187-F480-406B-80EE-969B6BC9B2EB}.Debug|Any CPU.ActiveCfg = Debug|Any CPU
		{F3A09187-F480-406B-80EE-969B6BC9B2EB}.Debug|Any CPU.Build.0 = Debug|Any CPU
		{F3A09187-F480-406B-80EE-969B6BC9B2EB}.Release|Any CPU.ActiveCfg = Release|Any CPU
		{F3A09187-F480-406B-80EE-969B6BC9B2EB}.Release|Any CPU.Build.0 = Release|Any CPU
	EndGlobalSection
	GlobalSection(SolutionProperties) = preSolution
		HideSolutionNode = FALSE
	EndGlobalSection
	GlobalSection(ExtensibilityGlobals) = postSolution
		SolutionGuid = {3FD5C3C3-282D-41DE-9D0A-41A1648092F0}
	EndGlobalSection
EndGlobal
