
Microsoft Visual Studio Solution File, Format Version 12.00
# Visual Studio Version 17
VisualStudioVersion = 17.13.35931.197 d17.13
MinimumVisualStudioVersion = 10.0.40219.1
Project("{FAE04EC0-301F-11D3-BF4B-00C04F79EFBC}") = "Bai16_Winform", "Bai16_Winform.csproj", "{D1034A7F-E309-4FFF-9E23-8BD60311A05A}"
EndProject
Global
	GlobalSection(SolutionConfigurationPlatforms) = preSolution
		Debug|Any CPU = Debug|Any CPU
		Release|Any CPU = Release|Any CPU
	EndGlobalSection
	GlobalSection(ProjectConfigurationPlatforms) = postSolution
		{D1034A7F-E309-4FFF-9E23-8BD60311A05A}.Debug|Any CPU.ActiveCfg = Debug|Any CPU
		{D1034A7F-E309-4FFF-9E23-8BD60311A05A}.Debug|Any CPU.Build.0 = Debug|Any CPU
		{D1034A7F-E309-4FFF-9E23-8BD60311A05A}.Release|Any CPU.ActiveCfg = Release|Any CPU
		{D1034A7F-E309-4FFF-9E23-8BD60311A05A}.Release|Any CPU.Build.0 = Release|Any CPU
	EndGlobalSection
	GlobalSection(SolutionProperties) = preSolution
		HideSolutionNode = FALSE
	EndGlobalSection
	GlobalSection(ExtensibilityGlobals) = postSolution
		SolutionGuid = {604A6211-4F9C-45AD-A80D-00C1B7A4D033}
	EndGlobalSection
EndGlobal
